// !$*UTF8*$!
{
	archiveVersion = 1;
	classes = {
	};
	objectVersion = 56;
	objects = {

/* Begin PBXBuildFile section */
		3561E5DD301393CA007951AD /* ClipFramesPreference.swift in Sources */ = {isa = PBXBuildFile; fileRef = 3561E5DB301393CA007951AD /* ClipFramesPreference.swift */; };
		3561E5DE301393CA007951AD /* AttributedTextView.swift in Sources */ = {isa = PBXBuildFile; fileRef = 3561E5D9301393CA007951AD /* AttributedTextView.swift */; };
		3561E5DF301393CA007951AD /* ClipCardView.swift in Sources */ = {isa = PBXBuildFile; fileRef = 3561E5DA301393CA007951AD /* ClipCardView.swift */; };
		3561E5E93013A7DB007951AD /* GRDB in Frameworks */ = {isa = PBXBuildFile; productRef = 3561E5E83013A7DB007951AD /* GRDB */; };
		44924C42BA2D1420CF2DAD56 /* OnboardingView.swift in Sources */ = {isa = PBXBuildFile; fileRef = 04E44FD7971E1ED305EBADF2 /* OnboardingView.swift */; };
		461741E9907F811F09D08867 /* AppIcon.icns in Resources */ = {isa = PBXBuildFile; fileRef = 6B944661976A565B89F25974 /* AppIcon.icns */; };
		597546999391AA43210334BA /* OnboardingWindowController.swift in Sources */ = {isa = PBXBuildFile; fileRef = 2BEF44BAA5F0AEF38FED003D /* OnboardingWindowController.swift */; };
		606A4A64AAB97E3C60B80DAB /* AppIcon.icns in Resources */ = {isa = PBXBuildFile; fileRef = 6B944661976A565B89F25974 /* AppIcon.icns */; };
		A0000001 /* EasyPasteApp.swift in Sources */ = {isa = PBXBuildFile; fileRef = A0000101 /* EasyPasteApp.swift */; };
		A0000002 /* AppSettings.swift in Sources */ = {isa = PBXBuildFile; fileRef = A0000102 /* AppSettings.swift */; };
		A0000003 /* Clip.swift in Sources */ = {isa = PBXBuildFile; fileRef = A0000103 /* Clip.swift */; };
		A0000004 /* PanelState.swift in Sources */ = {isa = PBXBuildFile; fileRef = A0000104 /* PanelState.swift */; };
		A0000005 /* Shortcut.swift in Sources */ = {isa = PBXBuildFile; fileRef = A0000105 /* Shortcut.swift */; };
		A0000006 /* AppIconCache.swift in Sources */ = {isa = PBXBuildFile; fileRef = A0000106 /* AppIconCache.swift */; };
		A0000007 /* ClipboardService.swift in Sources */ = {isa = PBXBuildFile; fileRef = A0000107 /* ClipboardService.swift */; };
		A0000008 /* GlobalShortcutService.swift in Sources */ = {isa = PBXBuildFile; fileRef = A0000108 /* GlobalShortcutService.swift */; };
		A0000009 /* PanelController.swift in Sources */ = {isa = PBXBuildFile; fileRef = A0000109 /* PanelController.swift */; };
		A0000010 /* SparkleBridge.swift in Sources */ = {isa = PBXBuildFile; fileRef = A0000110 /* SparkleBridge.swift */; };
		A0000011 /* ClipboardStore.swift in Sources */ = {isa = PBXBuildFile; fileRef = A0000111 /* ClipboardStore.swift */; };
		A0000012 /* MenuBarView.swift in Sources */ = {isa = PBXBuildFile; fileRef = A0000112 /* MenuBarView.swift */; };
		A0000013 /* PanelView.swift in Sources */ = {isa = PBXBuildFile; fileRef = A0000113 /* PanelView.swift */; };
		A0000014 /* SettingsView.swift in Sources */ = {isa = PBXBuildFile; fileRef = A0000114 /* SettingsView.swift */; };
		A0000015 /* ShortcutRecorderView.swift in Sources */ = {isa = PBXBuildFile; fileRef = A0000115 /* ShortcutRecorderView.swift */; };
		A0000016 /* EasyPasteTests.swift in Sources */ = {isa = PBXBuildFile; fileRef = A0000116 /* EasyPasteTests.swift */; };
		BD9C4663A6E6F17BF5264428 /* OnboardingView.swift in Sources */ = {isa = PBXBuildFile; fileRef = 04E44FD7971E1ED305EBADF2 /* OnboardingView.swift */; };
		C0CD416AA615063E4C089C0D /* OnboardingWindowController.swift in Sources */ = {isa = PBXBuildFile; fileRef = 2BEF44BAA5F0AEF38FED003D /* OnboardingWindowController.swift */; };
/* End PBXBuildFile section */

/* Begin PBXContainerItemProxy section */
		A0000902 /* PBXContainerItemProxy */ = {
			isa = PBXContainerItemProxy;
			containerPortal = A0000A01 /* Project object */;
			proxyType = 1;
			remoteGlobalIDString = A0000501;
			remoteInfo = EasyPaste;
		};
/* End PBXContainerItemProxy section */

/* Begin PBXFileReference section */
		04E44FD7971E1ED305EBADF2 /* OnboardingView.swift */ = {isa = PBXFileReference; lastKnownFileType = sourcecode.swift; name = OnboardingView.swift; path = Views/OnboardingView.swift; sourceTree = SOURCE_ROOT; };
		2BEF44BAA5F0AEF38FED003D /* OnboardingWindowController.swift */ = {isa = PBXFileReference; lastKnownFileType = sourcecode.swift; name = OnboardingWindowController.swift; path = Services/OnboardingWindowController.swift; sourceTree = SOURCE_ROOT; };
		3561E5D9301393CA007951AD /* AttributedTextView.swift */ = {isa = PBXFileReference; lastKnownFileType = sourcecode.swift; path = AttributedTextView.swift; sourceTree = "<group>"; };
		3561E5DA301393CA007951AD /* ClipCardView.swift */ = {isa = PBXFileReference; lastKnownFileType = sourcecode.swift; path = ClipCardView.swift; sourceTree = "<group>"; };
		3561E5DB301393CA007951AD /* ClipFramesPreference.swift */ = {isa = PBXFileReference; lastKnownFileType = sourcecode.swift; path = ClipFramesPreference.swift; sourceTree = "<group>"; };
		6B944661976A565B89F25974 /* AppIcon.icns */ = {isa = PBXFileReference; lastKnownFileType = image.icns; path = AppIcon.icns; sourceTree = SOURCE_ROOT; };
		A0000101 /* EasyPasteApp.swift */ = {isa = PBXFileReference; lastKnownFileType = sourcecode.swift; path = EasyPasteApp.swift; sourceTree = "<group>"; };
		A0000102 /* AppSettings.swift */ = {isa = PBXFileReference; lastKnownFileType = sourcecode.swift; path = AppSettings.swift; sourceTree = "<group>"; };
		A0000103 /* Clip.swift */ = {isa = PBXFileReference; lastKnownFileType = sourcecode.swift; path = Clip.swift; sourceTree = "<group>"; };
		A0000104 /* PanelState.swift */ = {isa = PBXFileReference; lastKnownFileType = sourcecode.swift; path = PanelState.swift; sourceTree = "<group>"; };
		A0000105 /* Shortcut.swift */ = {isa = PBXFileReference; lastKnownFileType = sourcecode.swift; path = Shortcut.swift; sourceTree = "<group>"; };
		A0000106 /* AppIconCache.swift */ = {isa = PBXFileReference; lastKnownFileType = sourcecode.swift; path = AppIconCache.swift; sourceTree = "<group>"; };
		A0000107 /* ClipboardService.swift */ = {isa = PBXFileReference; lastKnownFileType = sourcecode.swift; path = ClipboardService.swift; sourceTree = "<group>"; };
		A0000108 /* GlobalShortcutService.swift */ = {isa = PBXFileReference; lastKnownFileType = sourcecode.swift; path = GlobalShortcutService.swift; sourceTree = "<group>"; };
		A0000109 /* PanelController.swift */ = {isa = PBXFileReference; lastKnownFileType = sourcecode.swift; path = PanelController.swift; sourceTree = "<group>"; };
		A0000110 /* SparkleBridge.swift */ = {isa = PBXFileReference; lastKnownFileType = sourcecode.swift; path = SparkleBridge.swift; sourceTree = "<group>"; };
		A0000111 /* ClipboardStore.swift */ = {isa = PBXFileReference; lastKnownFileType = sourcecode.swift; path = ClipboardStore.swift; sourceTree = "<group>"; };
		A0000112 /* MenuBarView.swift */ = {isa = PBXFileReference; lastKnownFileType = sourcecode.swift; path = MenuBarView.swift; sourceTree = "<group>"; };
		A0000113 /* PanelView.swift */ = {isa = PBXFileReference; lastKnownFileType = sourcecode.swift; path = PanelView.swift; sourceTree = "<group>"; };
		A0000114 /* SettingsView.swift */ = {isa = PBXFileReference; lastKnownFileType = sourcecode.swift; path = SettingsView.swift; sourceTree = "<group>"; };
		A0000115 /* ShortcutRecorderView.swift */ = {isa = PBXFileReference; lastKnownFileType = sourcecode.swift; path = ShortcutRecorderView.swift; sourceTree = "<group>"; };
		A0000116 /* EasyPasteTests.swift */ = {isa = PBXFileReference; lastKnownFileType = sourcecode.swift; path = EasyPasteTests.swift; sourceTree = "<group>"; };
		A0000201 /* EasyPaste.app */ = {isa = PBXFileReference; explicitFileType = wrapper.application; includeInIndex = 0; path = EasyPaste.app; sourceTree = BUILT_PRODUCTS_DIR; };
		A0000202 /* EasyPasteTests.xctest */ = {isa = PBXFileReference; explicitFileType = wrapper.cfbundle; includeInIndex = 0; path = EasyPasteTests.xctest; sourceTree = BUILT_PRODUCTS_DIR; };
/* End PBXFileReference section */

/* Begin PBXFrameworksBuildPhase section */
		A0000301 /* Frameworks */ = {
			isa = PBXFrameworksBuildPhase;
			buildActionMask = 2147483647;
			files = (
				3561E5E93013A7DB007951AD /* GRDB in Frameworks */,
			);
			runOnlyForDeploymentPostprocessing = 0;
		};
		A0000302 /* Frameworks */ = {
			isa = PBXFrameworksBuildPhase;
			buildActionMask = 2147483647;
			files = (
			);
			runOnlyForDeploymentPostprocessing = 0;
		};
/* End PBXFrameworksBuildPhase section */

/* Begin PBXGroup section */
		3561E5E13013940A007951AD /* ClipboardPanel */ = {
			isa = PBXGroup;
			children = (
				A0000113 /* PanelView.swift */,
				3561E5D9301393CA007951AD /* AttributedTextView.swift */,
				3561E5DA301393CA007951AD /* ClipCardView.swift */,
				3561E5DB301393CA007951AD /* ClipFramesPreference.swift */,
			);
			path = ClipboardPanel;
			sourceTree = "<group>";
		};
		A0000400 = {
			isa = PBXGroup;
			children = (
				A0000401 /* Sources */,
				A0000402 /* Tests */,
				A0000403 /* Products */,
				6B944661976A565B89F25974 /* AppIcon.icns */,
			);
			sourceTree = "<group>";
		};
		A0000401 /* Sources */ = {
			isa = PBXGroup;
			children = (
				A0000410 /* App */,
				A0000411 /* Models */,
				A0000412 /* Services */,
				A0000413 /* Stores */,
				A0000414 /* Views */,
			);
			name = Sources;
			sourceTree = "<group>";
		};
		A0000402 /* Tests */ = {
			isa = PBXGroup;
			children = (
				A0000420 /* EasyPasteTests */,
			);
			path = Tests;
			sourceTree = "<group>";
		};
		A0000403 /* Products */ = {
			isa = PBXGroup;
			children = (
				A0000201 /* EasyPaste.app */,
				A0000202 /* EasyPasteTests.xctest */,
			);
			name = Products;
			sourceTree = "<group>";
		};
		A0000410 /* App */ = {
			isa = PBXGroup;
			children = (
				A0000101 /* EasyPasteApp.swift */,
			);
			path = App;
			sourceTree = "<group>";
		};
		A0000411 /* Models */ = {
			isa = PBXGroup;
			children = (
				A0000102 /* AppSettings.swift */,
				A0000103 /* Clip.swift */,
				A0000104 /* PanelState.swift */,
				A0000105 /* Shortcut.swift */,
			);
			path = Models;
			sourceTree = "<group>";
		};
		A0000412 /* Services */ = {
			isa = PBXGroup;
			children = (
				A0000106 /* AppIconCache.swift */,
				A0000107 /* ClipboardService.swift */,
				A0000108 /* GlobalShortcutService.swift */,
				A0000109 /* PanelController.swift */,
				A0000110 /* SparkleBridge.swift */,
				2BEF44BAA5F0AEF38FED003D /* OnboardingWindowController.swift */,
			);
			path = Services;
			sourceTree = "<group>";
		};
		A0000413 /* Stores */ = {
			isa = PBXGroup;
			children = (
				A0000111 /* ClipboardStore.swift */,
			);
			path = Stores;
			sourceTree = "<group>";
		};
		A0000414 /* Views */ = {
			isa = PBXGroup;
			children = (
				3561E5E13013940A007951AD /* ClipboardPanel */,
				A0000112 /* MenuBarView.swift */,
				A0000114 /* SettingsView.swift */,
				A0000115 /* ShortcutRecorderView.swift */,
				04E44FD7971E1ED305EBADF2 /* OnboardingView.swift */,
			);
			path = Views;
			sourceTree = "<group>";
		};
		A0000420 /* EasyPasteTests */ = {
			isa = PBXGroup;
			children = (
				A0000116 /* EasyPasteTests.swift */,
			);
			path = EasyPasteTests;
			sourceTree = "<group>";
		};
/* End PBXGroup section */

/* Begin PBXNativeTarget section */
		A0000501 /* EasyPaste */ = {
			isa = PBXNativeTarget;
			buildConfigurationList = A0000601 /* Build configuration list for PBXNativeTarget "EasyPaste" */;
			buildPhases = (
				A0000701 /* Sources */,
				A0000301 /* Frameworks */,
				A0000801 /* Resources */,
			);
			buildRules = (
			);
			dependencies = (
			);
			name = EasyPaste;
			productName = EasyPaste;
			productReference = A0000201 /* EasyPaste.app */;
			productType = "com.apple.product-type.application";
		};
		A0000502 /* EasyPasteTests */ = {
			isa = PBXNativeTarget;
			buildConfigurationList = A0000602 /* Build configuration list for PBXNativeTarget "EasyPasteTests" */;
			buildPhases = (
				A0000702 /* Sources */,
				A0000302 /* Frameworks */,
				A0000802 /* Resources */,
			);
			buildRules = (
			);
			dependencies = (
				A0000901 /* PBXTargetDependency */,
			);
			name = EasyPasteTests;
			productName = EasyPasteTests;
			productReference = A0000202 /* EasyPasteTests.xctest */;
			productType = "com.apple.product-type.bundle.unit-test";
		};
/* End PBXNativeTarget section */

/* Begin PBXProject section */
		A0000A01 /* Project object */ = {
			isa = PBXProject;
			attributes = {
				BuildIndependentTargetsInParallel = 1;
				LastSwiftUpdateCheck = 1600;
				LastUpgradeCheck = 1600;
				TargetAttributes = {
					A0000501 = {
						CreatedOnToolsVersion = 15.0;
					};
					A0000502 = {
						CreatedOnToolsVersion = 15.0;
					};
				};
			};
			buildConfigurationList = A0000B01 /* Build configuration list for PBXProject "EasyPaste" */;
			compatibilityVersion = "Xcode 14.0";
			developmentRegion = en;
			hasScannedForEncodings = 0;
			knownRegions = (
				en,
				Base,
				"zh-Hans",
			);
			mainGroup = A0000400;
			packageReferences = (
			);
			productRefGroup = A0000403 /* Products */;
			projectDirPath = "";
			projectRoot = "";
			targets = (
				A0000501 /* EasyPaste */,
				A0000502 /* EasyPasteTests */,
			);
		};
/* End PBXProject section */

/* Begin PBXResourcesBuildPhase section */
		A0000801 /* Resources */ = {
			isa = PBXResourcesBuildPhase;
			buildActionMask = 2147483647;
			files = (
				606A4A64AAB97E3C60B80DAB /* AppIcon.icns in Resources */,
			);
			runOnlyForDeploymentPostprocessing = 0;
		};
		A0000802 /* Resources */ = {
			isa = PBXResourcesBuildPhase;
			buildActionMask = 2147483647;
			files = (
				461741E9907F811F09D08867 /* AppIcon.icns in Resources */,
			);
			runOnlyForDeploymentPostprocessing = 0;
		};
/* End PBXResourcesBuildPhase section */

/* Begin PBXSourcesBuildPhase section */
		A0000701 /* Sources */ = {
			isa = PBXSourcesBuildPhase;
			buildActionMask = 2147483647;
			files = (
				A0000001 /* EasyPasteApp.swift in Sources */,
				A0000002 /* AppSettings.swift in Sources */,
				A0000003 /* Clip.swift in Sources */,
				A0000004 /* PanelState.swift in Sources */,
				A0000005 /* Shortcut.swift in Sources */,
				A0000006 /* AppIconCache.swift in Sources */,
				A0000007 /* ClipboardService.swift in Sources */,
				A0000008 /* GlobalShortcutService.swift in Sources */,
				A0000009 /* PanelController.swift in Sources */,
				A0000010 /* SparkleBridge.swift in Sources */,
				A0000011 /* ClipboardStore.swift in Sources */,
				A0000012 /* MenuBarView.swift in Sources */,
				A0000013 /* PanelView.swift in Sources */,
				A0000014 /* SettingsView.swift in Sources */,
				3561E5DD301393CA007951AD /* ClipFramesPreference.swift in Sources */,
				3561E5DE301393CA007951AD /* AttributedTextView.swift in Sources */,
				3561E5DF301393CA007951AD /* ClipCardView.swift in Sources */,
				A0000015 /* ShortcutRecorderView.swift in Sources */,
				597546999391AA43210334BA /* OnboardingWindowController.swift in Sources */,
				44924C42BA2D1420CF2DAD56 /* OnboardingView.swift in Sources */,
			);
			runOnlyForDeploymentPostprocessing = 0;
		};
		A0000702 /* Sources */ = {
			isa = PBXSourcesBuildPhase;
			buildActionMask = 2147483647;
			files = (
				A0000016 /* EasyPasteTests.swift in Sources */,
				C0CD416AA615063E4C089C0D /* OnboardingWindowController.swift in Sources */,
				BD9C4663A6E6F17BF5264428 /* OnboardingView.swift in Sources */,
			);
			runOnlyForDeploymentPostprocessing = 0;
		};
/* End PBXSourcesBuildPhase section */

/* Begin PBXTargetDependency section */
		A0000901 /* PBXTargetDependency */ = {
			isa = PBXTargetDependency;
			target = A0000501 /* EasyPaste */;
			targetProxy = A0000902 /* PBXContainerItemProxy */;
		};
/* End PBXTargetDependency section */

/* Begin XCBuildConfiguration section */
		A0000C01 /* Debug */ = {
			isa = XCBuildConfiguration;
			buildSettings = {
				ALWAYS_SEARCH_USER_PATHS = NO;
				CLANG_ENABLE_MODULES = YES;
				"CODE_SIGN_IDENTITY[sdk=macosx*]" = "-";
				COPY_PHASE_STRIP = NO;
				DEBUG_INFORMATION_FORMAT = dwarf;
				ENABLE_STRICT_OBJC_MSGSEND = YES;
				GCC_OPTIMIZATION_LEVEL = 0;
				GCC_PRECOMPILE_PREFIX_HEADER = YES;
				INFOPLIST_FILE = Info.plist;
				MTL_ENABLE_DEBUG_INFO = INCLUDE_SOURCE;
				ONLY_ACTIVE_ARCH = YES;
				SDKROOT = macosx;
				SWIFT_ACTIVE_COMPILATION_CONDITIONS = DEBUG;
				SWIFT_OPTIMIZATION_LEVEL = "-Onone";
			};
			name = Debug;
		};
		A0000C02 /* Release */ = {
			isa = XCBuildConfiguration;
			buildSettings = {
				ALWAYS_SEARCH_USER_PATHS = NO;
				CLANG_ENABLE_MODULES = YES;
				COPY_PHASE_STRIP = NO;
				DEBUG_INFORMATION_FORMAT = "dwarf-with-dsym";
				ENABLE_NS_ASSERTION = YES;
				ENABLE_STRICT_OBJC_MSGSEND = YES;
				INFOPLIST_FILE = Info.plist;
				SDKROOT = macosx;
				SWIFT_COMPILATION_MODE = wholemodule;
			};
			name = Release;
		};
		A0000C03 /* Debug */ = {
			isa = XCBuildConfiguration;
			buildSettings = {
				BUNDLE_LOADER = "$(TEST_HOST)";
				CODE_SIGN_STYLE = Automatic;
				ENABLE_TESTING_EXTENSION_LIFECYCLE = YES;
				GCC_PRECOMPILE_PREFIX_HEADER = YES;
				INFOPLIST_FILE = EasyPasteTests/Info.plist;
				PRODUCT_BUNDLE_IDENTIFIER = com.easypaste.app.tests;
				PRODUCT_NAME = "$(TARGET_NAME)";
				SWIFT_VERSION = 6.0;
			};
			name = Debug;
		};
		A0000C04 /* Release */ = {
			isa = XCBuildConfiguration;
			buildSettings = {
				BUNDLE_LOADER = "$(TEST_HOST)";
				CODE_SIGN_STYLE = Automatic;
				ENABLE_TESTING_EXTENSION_LIFECYCLE = YES;
				GCC_PRECOMPILE_PREFIX_HEADER = YES;
				INFOPLIST_FILE = EasyPasteTests/Info.plist;
				PRODUCT_BUNDLE_IDENTIFIER = com.easypaste.app.tests;
				PRODUCT_NAME = "$(TARGET_NAME)";
				SWIFT_VERSION = 6.0;
			};
			name = Release;
		};
		A0000C05 /* Debug */ = {
			isa = XCBuildConfiguration;
			buildSettings = {
				ASSETCATALOG_COMPILER_APPICON_NAME = AppIcon;
				"CODE_SIGN_IDENTITY[sdk=macosx*]" = "Apple Development";
				CODE_SIGN_STYLE = Automatic;
				COMBINE_HIDPI_IMAGES = YES;
				CURRENT_PROJECT_VERSION = 1;
				DEVELOPMENT_TEAM = EEGY7XHC46;
				ENABLE_HARDENED_RUNTIME = YES;
				INFOPLIST_FILE = Info.plist;
				LD_RUNPATH_SEARCH_PATHS = (
					"$(inherited)",
					"@executable_path/../Frameworks",
				);
				MACOSX_DEPLOYMENT_TARGET = 15.0;
				PRODUCT_BUNDLE_IDENTIFIER = com.easypaste.app;
				PRODUCT_NAME = EasyPaste;
				SWIFT_EMIT_LOC_STRINGS = YES;
				SWIFT_VERSION = 6.0;
			};
			name = Debug;
		};
		A0000C06 /* Release */ = {
			isa = XCBuildConfiguration;
			buildSettings = {
				ASSETCATALOG_COMPILER_APPICON_NAME = AppIcon;
				CODE_SIGN_IDENTITY = "Apple Development";
				CODE_SIGN_STYLE = Automatic;
				COMBINE_HIDPI_IMAGES = YES;
				CURRENT_PROJECT_VERSION = 1;
				DEVELOPMENT_TEAM = EEGY7XHC46;
				ENABLE_HARDENED_RUNTIME = YES;
				INFOPLIST_FILE = Info.plist;
				LD_RUNPATH_SEARCH_PATHS = (
					"$(inherited)",
					"@executable_path/../Frameworks",
				);
				MACOSX_DEPLOYMENT_TARGET = 15.0;
				PRODUCT_BUNDLE_IDENTIFIER = com.easypaste.app;
				PRODUCT_NAME = EasyPaste;
				PROVISIONING_PROFILE_SPECIFIER = "";
				SWIFT_EMIT_LOC_STRINGS = YES;
				SWIFT_VERSION = 6.0;
			};
			name = Release;
		};
/* End XCBuildConfiguration section */

/* Begin XCConfigurationList section */
		A0000601 /* Build configuration list for PBXNativeTarget "EasyPaste" */ = {
			isa = XCConfigurationList;
			buildConfigurations = (
				A0000C05 /* Debug */,
				A0000C06 /* Release */,
			);
			defaultConfigurationIsVisible = 0;
			defaultConfigurationName = Release;
		};
		A0000602 /* Build configuration list for PBXNativeTarget "EasyPasteTests" */ = {
			isa = XCConfigurationList;
			buildConfigurations = (
				A0000C03 /* Debug */,
				A0000C04 /* Release */,
			);
			defaultConfigurationIsVisible = 0;
			defaultConfigurationName = Release;
		};
		A0000B01 /* Build configuration list for PBXProject "EasyPaste" */ = {
			isa = XCConfigurationList;
			buildConfigurations = (
				A0000C01 /* Debug */,
				A0000C02 /* Release */,
			);
			defaultConfigurationIsVisible = 0;
			defaultConfigurationName = Release;
		};
/* End XCConfigurationList section */

/* Begin XCRemoteSwiftPackageReference section */
		3561E5E73013A7DB007951AD /* XCRemoteSwiftPackageReference "GRDB" */ = {
			isa = XCRemoteSwiftPackageReference;
			repositoryURL = "https://github.com/groue/GRDB.swift";
			requirement = {
				kind = exactVersion;
				version = 7.11.1;
			};
		};
/* End XCRemoteSwiftPackageReference section */

/* Begin XCSwiftPackageProductDependency section */
		3561E5E83013A7DB007951AD /* GRDB */ = {
			isa = XCSwiftPackageProductDependency;
			package = 3561E5E73013A7DB007951AD /* XCRemoteSwiftPackageReference "GRDB" */;
			productName = GRDB;
		};
/* End XCSwiftPackageProductDependency section */
	};
	rootObject = A0000A01 /* Project object */;
}
